# This file is automatically @generated by Cargo.
# It is not intended for manual editing.
version = 4

[[package]]
name = "ex00"
version = "0.1.0"

[[package]]
name = "ex01"
version = "0.1.0"
dependencies = [
 "ex00",
]

[[package]]
name = "ex02"
version = "0.1.0"

[[package]]
name = "ex03"
version = "0.1.0"

[[package]]
name = "ex04"
version = "0.1.0"
dependencies = [
 "ex03",
]

[[package]]
name = "ex05"
version = "0.1.0"

[[package]]
name = "ex06"
version = "0.1.0"

[[package]]
name = "ex07"
version = "0.1.0"

[[package]]
name = "ex08"
version = "0.1.0"

[[package]]
name = "ex09"
version = "0.1.0"

[[package]]
name = "ex10"
version = "0.1.0"

[[package]]
name = "ex11"
version = "0.1.0"
